
Microsoft Visual Studio Solution File, Format Version 12.00
# Visual Studio 15
VisualStudioVersion = 15.0.27130.2026
MinimumVisualStudioVersion = 10.0.40219.1
Project("{9A19103F-16F7-4668-BE54-9A1E7A4F7556}") = "MLibrary", "MLiberary\MLibrary.csproj", "{0A0049DD-6FB0-4A2A-A319-F0A89C01982C}"
EndProject
Global
	GlobalSection(SolutionConfigurationPlatforms) = preSolution
		Debug|Any CPU = Debug|Any CPU
		Release|Any CPU = Release|Any CPU
	EndGlobalSection
	GlobalSection(ProjectConfigurationPlatforms) = postSolution
		{0A0049DD-6FB0-4A2A-A319-F0A89C01982C}.Debug|Any CPU.ActiveCfg = Debug|Any CPU
		{0A0049DD-6FB0-4A2A-A319-F0A89C01982C}.Debug|Any CPU.Build.0 = Debug|Any CPU
		{0A0049DD-6FB0-4A2A-A319-F0A89C01982C}.Release|Any CPU.ActiveCfg = Release|Any CPU
		{0A0049DD-6FB0-4A2A-A319-F0A89C01982C}.Release|Any CPU.Build.0 = Release|Any CPU
	EndGlobalSection
	GlobalSection(SolutionProperties) = preSolution
		HideSolutionNode = FALSE
	EndGlobalSection
	GlobalSection(ExtensibilityGlobals) = postSolution
		SolutionGuid = {BCB42F9F-BA6C-4A81-9FF0-B5E561833704}
	EndGlobalSection
EndGlobal
